
Microsoft Visual Studio Solution File, Format Version 12.00
# Visual Studio Version 17
VisualStudioVersion = 17.0.31903.59
MinimumVisualStudioVersion = 10.0.40219.1
Project("{FAE04EC0-301F-11D3-BF4B-00C04F79EFBC}") = "API", "API\API.csproj", "{96843733-43C2-4601-B2BC-EB72CCD30637}"
EndProject
Project("{FAE04EC0-301F-11D3-BF4B-00C04F79EFBC}") = "Test", "Test\Test.csproj", "{3A5A79B8-8268-44C4-B352-BBBF433CF9FE}"
EndProject
Project("{FAE04EC0-301F-11D3-BF4B-00C04F79EFBC}") = "Localization", "Localization\Localization.csproj", "{5B1DF0AB-9707-41E5-AD54-9C4660207BEA}"
EndProject
Global
	GlobalSection(SolutionConfigurationPlatforms) = preSolution
		Debug|Any CPU = Debug|Any CPU
		Release|Any CPU = Release|Any CPU
	EndGlobalSection
	GlobalSection(ProjectConfigurationPlatforms) = postSolution
		{96843733-43C2-4601-B2BC-EB72CCD30637}.Debug|Any CPU.ActiveCfg = Debug|Any CPU
		{96843733-43C2-4601-B2BC-EB72CCD30637}.Debug|Any CPU.Build.0 = Debug|Any CPU
		{96843733-43C2-4601-B2BC-EB72CCD30637}.Release|Any CPU.ActiveCfg = Release|Any CPU
		{96843733-43C2-4601-B2BC-EB72CCD30637}.Release|Any CPU.Build.0 = Release|Any CPU
		{3A5A79B8-8268-44C4-B352-BBBF433CF9FE}.Debug|Any CPU.ActiveCfg = Debug|Any CPU
		{3A5A79B8-8268-44C4-B352-BBBF433CF9FE}.Debug|Any CPU.Build.0 = Debug|Any CPU
		{3A5A79B8-8268-44C4-B352-BBBF433CF9FE}.Release|Any CPU.ActiveCfg = Release|Any CPU
		{3A5A79B8-8268-44C4-B352-BBBF433CF9FE}.Release|Any CPU.Build.0 = Release|Any CPU
		{5B1DF0AB-9707-41E5-AD54-9C4660207BEA}.Debug|Any CPU.ActiveCfg = Debug|Any CPU
		{5B1DF0AB-9707-41E5-AD54-9C4660207BEA}.Debug|Any CPU.Build.0 = Debug|Any CPU
		{5B1DF0AB-9707-41E5-AD54-9C4660207BEA}.Release|Any CPU.ActiveCfg = Release|Any CPU
		{5B1DF0AB-9707-41E5-AD54-9C4660207BEA}.Release|Any CPU.Build.0 = Release|Any CPU
	EndGlobalSection
	GlobalSection(SolutionProperties) = preSolution
		HideSolutionNode = FALSE
	EndGlobalSection
	GlobalSection(ExtensibilityGlobals) = postSolution
		SolutionGuid = {B6CB3575-74BC-4B12-819D-67DF8945C423}
	EndGlobalSection
EndGlobal
